// !$*UTF8*$!
{
	archiveVersion = 1;
	classes = {
	};
	objectVersion = 48;
	objects = {

/* Begin PBXBuildFile section */
		33A09A73202CEA3100BD6575 /* AppDelegate.swift in Sources */ = {isa = PBXBuildFile; fileRef = 33A09A72202CEA3100BD6575 /* AppDelegate.swift */; };
		33A09A75202CEA3100BD6575 /* ViewController.swift in Sources */ = {isa = PBXBuildFile; fileRef = 33A09A74202CEA3100BD6575 /* ViewController.swift */; };
		33A09A78202CEA3100BD6575 /* Main.storyboard in Resources */ = {isa = PBXBuildFile; fileRef = 33A09A76202CEA3100BD6575 /* Main.storyboard */; };
		33A09A7A202CEA3100BD6575 /* Assets.xcassets in Resources */ = {isa = PBXBuildFile; fileRef = 33A09A79202CEA3100BD6575 /* Assets.xcassets */; };
		33A09A7D202CEA3100BD6575 /* LaunchScreen.storyboard in Resources */ = {isa = PBXBuildFile; fileRef = 33A09A7B202CEA3100BD6575 /* LaunchScreen.storyboard */; };
		33A09A88202CEA3100BD6575 /* ChatTests.swift in Sources */ = {isa = PBXBuildFile; fileRef = 33A09A87202CEA3100BD6575 /* ChatTests.swift */; };
		33A09A93202CEA3100BD6575 /* ChatUITests.swift in Sources */ = {isa = PBXBuildFile; fileRef = 33A09A92202CEA3100BD6575 /* ChatUITests.swift */; };
/* End PBXBuildFile section */

/* Begin PBXContainerItemProxy section */
		33A09A84202CEA3100BD6575 /* PBXContainerItemProxy */ = {
			isa = PBXContainerItemProxy;
			containerPortal = 33A09A67202CEA3100BD6575 /* Project object */;
			proxyType = 1;
			remoteGlobalIDString = 33A09A6E202CEA3100BD6575;
			remoteInfo = Chat;
		};
		33A09A8F202CEA3100BD6575 /* PBXContainerItemProxy */ = {
			isa = PBXContainerItemProxy;
			containerPortal = 33A09A67202CEA3100BD6575 /* Project object */;
			proxyType = 1;
			remoteGlobalIDString = 33A09A6E202CEA3100BD6575;
			remoteInfo = Chat;
		};
/* End PBXContainerItemProxy section */

/* Begin PBXFileReference section */
		33A09A6F202CEA3100BD6575 /* Chat.app */ = {isa = PBXFileReference; explicitFileType = wrapper.application; includeInIndex = 0; path = Chat.app; sourceTree = BUILT_PRODUCTS_DIR; };
		33A09A72202CEA3100BD6575 /* AppDelegate.swift */ = {isa = PBXFileReference; lastKnownFileType = sourcecode.swift; path = AppDelegate.swift; sourceTree = "<group>"; };
		33A09A74202CEA3100BD6575 /* ViewController.swift */ = {isa = PBXFileReference; lastKnownFileType = sourcecode.swift; path = ViewController.swift; sourceTree = "<group>"; };
		33A09A77202CEA3100BD6575 /* Base */ = {isa = PBXFileReference; lastKnownFileType = file.storyboard; name = Base; path = Base.lproj/Main.storyboard; sourceTree = "<group>"; };
		33A09A79202CEA3100BD6575 /* Assets.xcassets */ = {isa = PBXFileReference; lastKnownFileType = folder.assetcatalog; path = Assets.xcassets; sourceTree = "<group>"; };
		33A09A7C202CEA3100BD6575 /* Base */ = {isa = PBXFileReference; lastKnownFileType = file.storyboard; name = Base; path = Base.lproj/LaunchScreen.storyboard; sourceTree = "<group>"; };
		33A09A7E202CEA3100BD6575 /* Info.plist */ = {isa = PBXFileReference; lastKnownFileType = text.plist.xml; path = Info.plist; sourceTree = "<group>"; };
		33A09A83202CEA3100BD6575 /* ChatTests.xctest */ = {isa = PBXFileReference; explicitFileType = wrapper.cfbundle; includeInIndex = 0; path = ChatTests.xctest; sourceTree = BUILT_PRODUCTS_DIR; };
		33A09A87202CEA3100BD6575 /* ChatTests.swift */ = {isa = PBXFileReference; lastKnownFileType = sourcecode.swift; path = ChatTests.swift; sourceTree = "<group>"; };
		33A09A89202CEA3100BD6575 /* Info.plist */ = {isa = PBXFileReference; lastKnownFileType = text.plist.xml; path = Info.plist; sourceTree = "<group>"; };
		33A09A8E202CEA3100BD6575 /* ChatUITests.xctest */ = {isa = PBXFileReference; explicitFileType = wrapper.cfbundle; includeInIndex = 0; path = ChatUITests.xctest; sourceTree = BUILT_PRODUCTS_DIR; };
		33A09A92202CEA3100BD6575 /* ChatUITests.swift */ = {isa = PBXFileReference; lastKnownFileType = sourcecode.swift; path = ChatUITests.swift; sourceTree = "<group>"; };
		33A09A94202CEA3100BD6575 /* Info.plist */ = {isa = PBXFileReference; lastKnownFileType = text.plist.xml; path = Info.plist; sourceTree = "<group>"; };
/* End PBXFileReference section */

/* Begin PBXFrameworksBuildPhase section */
		33A09A6C202CEA3100BD6575 /* Frameworks */ = {
			isa = PBXFrameworksBuildPhase;
			buildActionMask = 2147483647;
			files = (
			);
			runOnlyForDeploymentPostprocessing = 0;
		};
		33A09A80202CEA3100BD6575 /* Frameworks */ = {
			isa = PBXFrameworksBuildPhase;
			buildActionMask = 2147483647;
			files = (
			);
			runOnlyForDeploymentPostprocessing = 0;
		};
		33A09A8B202CEA3100BD6575 /* Frameworks */ = {
			isa = PBXFrameworksBuildPhase;
			buildActionMask = 2147483647;
			files = (
			);
			runOnlyForDeploymentPostprocessing = 0;
		};
/* End PBXFrameworksBuildPhase section */

/* Begin PBXGroup section */
		33A09A66202CEA3100BD6575 = {
			isa = PBXGroup;
			children = (
				33A09A71202CEA3100BD6575 /* Chat */,
				33A09A86202CEA3100BD6575 /* ChatTests */,
				33A09A91202CEA3100BD6575 /* ChatUITests */,
				33A09A70202CEA3100BD6575 /* Products */,
			);
			sourceTree = "<group>";
		};
		33A09A70202CEA3100BD6575 /* Products */ = {
			isa = PBXGroup;
			children = (
				33A09A6F202CEA3100BD6575 /* Chat.app */,
				33A09A83202CEA3100BD6575 /* ChatTests.xctest */,
				33A09A8E202CEA3100BD6575 /* ChatUITests.xctest */,
			);
			name = Products;
			sourceTree = "<group>";
		};
		33A09A71202CEA3100BD6575 /* Chat */ = {
			isa = PBXGroup;
			children = (
				33A09A72202CEA3100BD6575 /* AppDelegate.swift */,
				33A09A74202CEA3100BD6575 /* ViewController.swift */,
				33A09A76202CEA3100BD6575 /* Main.storyboard */,
				33A09A79202CEA3100BD6575 /* Assets.xcassets */,
				33A09A7B202CEA3100BD6575 /* LaunchScreen.storyboard */,
				33A09A7E202CEA3100BD6575 /* Info.plist */,
			);
			path = Chat;
			sourceTree = "<group>";
		};
		33A09A86202CEA3100BD6575 /* ChatTests */ = {
			isa = PBXGroup;
			children = (
				33A09A87202CEA3100BD6575 /* ChatTests.swift */,
				33A09A89202CEA3100BD6575 /* Info.plist */,
			);
			path = ChatTests;
			sourceTree = "<group>";
		};
		33A09A91202CEA3100BD6575 /* ChatUITests */ = {
			isa = PBXGroup;
			children = (
				33A09A92202CEA3100BD6575 /* ChatUITests.swift */,
				33A09A94202CEA3100BD6575 /* Info.plist */,
			);
			path = ChatUITests;
			sourceTree = "<group>";
		};
/* End PBXGroup section */

/* Begin PBXNativeTarget section */
		33A09A6E202CEA3100BD6575 /* Chat */ = {
			isa = PBXNativeTarget;
			buildConfigurationList = 33A09A97202CEA3100BD6575 /* Build configuration list for PBXNativeTarget "Chat" */;
			buildPhases = (
				33A09A6B202CEA3100BD6575 /* Sources */,
				33A09A6C202CEA3100BD6575 /* Frameworks */,
				33A09A6D202CEA3100BD6575 /* Resources */,
			);
			buildRules = (
			);
			dependencies = (
			);
			name = Chat;
			productName = Chat;
			productReference = 33A09A6F202CEA3100BD6575 /* Chat.app */;
			productType = "com.apple.product-type.application";
		};
		33A09A82202CEA3100BD6575 /* ChatTests */ = {
			isa = PBXNativeTarget;
			buildConfigurationList = 33A09A9A202CEA3100BD6575 /* Build configuration list for PBXNativeTarget "ChatTests" */;
			buildPhases = (
				33A09A7F202CEA3100BD6575 /* Sources */,
				33A09A80202CEA3100BD6575 /* Frameworks */,
				33A09A81202CEA3100BD6575 /* Resources */,
			);
			buildRules = (
			);
			dependencies = (
				33A09A85202CEA3100BD6575 /* PBXTargetDependency */,
			);
			name = ChatTests;
			productName = ChatTests;
			productReference = 33A09A83202CEA3100BD6575 /* ChatTests.xctest */;
			productType = "com.apple.product-type.bundle.unit-test";
		};
		33A09A8D202CEA3100BD6575 /* ChatUITests */ = {
			isa = PBXNativeTarget;
			buildConfigurationList = 33A09A9D202CEA3100BD6575 /* Build configuration list for PBXNativeTarget "ChatUITests" */;
			buildPhases = (
				33A09A8A202CEA3100BD6575 /* Sources */,
				33A09A8B202CEA3100BD6575 /* Frameworks */,
				33A09A8C202CEA3100BD6575 /* Resources */,
			);
			buildRules = (
			);
			dependencies = (
				33A09A90202CEA3100BD6575 /* PBXTargetDependency */,
			);
			name = ChatUITests;
			productName = ChatUITests;
			productReference = 33A09A8E202CEA3100BD6575 /* ChatUITests.xctest */;
			productType = "com.apple.product-type.bundle.ui-testing";
		};
/* End PBXNativeTarget section */

/* Begin PBXProject section */
		33A09A67202CEA3100BD6575 /* Project object */ = {
			isa = PBXProject;
			attributes = {
				LastSwiftUpdateCheck = 0920;
				LastUpgradeCheck = 0920;
				ORGANIZATIONNAME = Wajdi;
				TargetAttributes = {
					33A09A6E202CEA3100BD6575 = {
						CreatedOnToolsVersion = 9.2;
						ProvisioningStyle = Automatic;
					};
					33A09A82202CEA3100BD6575 = {
						CreatedOnToolsVersion = 9.2;
						ProvisioningStyle = Automatic;
						TestTargetID = 33A09A6E202CEA3100BD6575;
					};
					33A09A8D202CEA3100BD6575 = {
						CreatedOnToolsVersion = 9.2;
						ProvisioningStyle = Automatic;
						TestTargetID = 33A09A6E202CEA3100BD6575;
					};
				};
			};
			buildConfigurationList = 33A09A6A202CEA3100BD6575 /* Build configuration list for PBXProject "Chat" */;
			compatibilityVersion = "Xcode 8.0";
			developmentRegion = en;
			hasScannedForEncodings = 0;
			knownRegions = (
				en,
				Base,
			);
			mainGroup = 33A09A66202CEA3100BD6575;
			productRefGroup = 33A09A70202CEA3100BD6575 /* Products */;
			projectDirPath = "";
			projectRoot = "";
			targets = (
				33A09A6E202CEA3100BD6575 /* Chat */,
				33A09A82202CEA3100BD6575 /* ChatTests */,
				33A09A8D202CEA3100BD6575 /* ChatUITests */,
			);
		};
/* End PBXProject section */

/* Begin PBXResourcesBuildPhase section */
		33A09A6D202CEA3100BD6575 /* Resources */ = {
			isa = PBXResourcesBuildPhase;
			buildActionMask = 2147483647;
			files = (
				33A09A7D202CEA3100BD6575 /* LaunchScreen.storyboard in Resources */,
				33A09A7A202CEA3100BD6575 /* Assets.xcassets in Resources */,
				33A09A78202CEA3100BD6575 /* Main.storyboard in Resources */,
			);
			runOnlyForDeploymentPostprocessing = 0;
		};
		33A09A81202CEA3100BD6575 /* Resources */ = {
			isa = PBXResourcesBuildPhase;
			buildActionMask = 2147483647;
			files = (
			);
			runOnlyForDeploymentPostprocessing = 0;
		};
		33A09A8C202CEA3100BD6575 /* Resources */ = {
			isa = PBXResourcesBuildPhase;
			buildActionMask = 2147483647;
			files = (
			);
			runOnlyForDeploymentPostprocessing = 0;
		};
/* End PBXResourcesBuildPhase section */

/* Begin PBXSourcesBuildPhase section */
		33A09A6B202CEA3100BD6575 /* Sources */ = {
			isa = PBXSourcesBuildPhase;
			buildActionMask = 2147483647;
			files = (
				33A09A75202CEA3100BD6575 /* ViewController.swift in Sources */,
				33A09A73202CEA3100BD6575 /* AppDelegate.swift in Sources */,
			);
			runOnlyForDeploymentPostprocessing = 0;
		};
		33A09A7F202CEA3100BD6575 /* Sources */ = {
			isa = PBXSourcesBuildPhase;
			buildActionMask = 2147483647;
			files = (
				33A09A88202CEA3100BD6575 /* ChatTests.swift in Sources */,
			);
			runOnlyForDeploymentPostprocessing = 0;
		};
		33A09A8A202CEA3100BD6575 /* Sources */ = {
			isa = PBXSourcesBuildPhase;
			buildActionMask = 2147483647;
			files = (
				33A09A93202CEA3100BD6575 /* ChatUITests.swift in Sources */,
			);
			runOnlyForDeploymentPostprocessing = 0;
		};
/* End PBXSourcesBuildPhase section */

/* Begin PBXTargetDependency section */
		33A09A85202CEA3100BD6575 /* PBXTargetDependency */ = {
			isa = PBXTargetDependency;
			target = 33A09A6E202CEA3100BD6575 /* Chat */;
			targetProxy = 33A09A84202CEA3100BD6575 /* PBXContainerItemProxy */;
		};
		33A09A90202CEA3100BD6575 /* PBXTargetDependency */ = {
			isa = PBXTargetDependency;
			target = 33A09A6E202CEA3100BD6575 /* Chat */;
			targetProxy = 33A09A8F202CEA3100BD6575 /* PBXContainerItemProxy */;
		};
/* End PBXTargetDependency section */

/* Begin PBXVariantGroup section */
		33A09A76202CEA3100BD6575 /* Main.storyboard */ = {
			isa = PBXVariantGroup;
			children = (
				33A09A77202CEA3100BD6575 /* Base */,
			);
			name = Main.storyboard;
			sourceTree = "<group>";
		};
		33A09A7B202CEA3100BD6575 /* LaunchScreen.storyboard */ = {
			isa = PBXVariantGroup;
			children = (
				33A09A7C202CEA3100BD6575 /* Base */,
			);
			name = LaunchScreen.storyboard;
			sourceTree = "<group>";
		};
/* End PBXVariantGroup section */

/* Begin XCBuildConfiguration section */
		33A09A95202CEA3100BD6575 /* Debug */ = {
			isa = XCBuildConfiguration;
			buildSettings = {
				ALWAYS_SEARCH_USER_PATHS = NO;
				CLANG_ANALYZER_NONNULL = YES;
				CLANG_ANALYZER_NUMBER_OBJECT_CONVERSION = YES_AGGRESSIVE;
				CLANG_CXX_LANGUAGE_STANDARD = "gnu++14";
				CLANG_CXX_LIBRARY = "libc++";
				CLANG_ENABLE_MODULES = YES;
				CLANG_ENABLE_OBJC_ARC = YES;
				CLANG_WARN_BLOCK_CAPTURE_AUTORELEASING = YES;
				CLANG_WARN_BOOL_CONVERSION = YES;
				CLANG_WARN_COMMA = YES;
				CLANG_WARN_CONSTANT_CONVERSION = YES;
				CLANG_WARN_DIRECT_OBJC_ISA_USAGE = YES_ERROR;
				CLANG_WARN_DOCUMENTATION_COMMENTS = YES;
				CLANG_WARN_EMPTY_BODY = YES;
				CLANG_WARN_ENUM_CONVERSION = YES;
				CLANG_WARN_INFINITE_RECURSION = YES;
				CLANG_WARN_INT_CONVERSION = YES;
				CLANG_WARN_NON_LITERAL_NULL_CONVERSION = YES;
				CLANG_WARN_OBJC_LITERAL_CONVERSION = YES;
				CLANG_WARN_OBJC_ROOT_CLASS = YES_ERROR;
				CLANG_WARN_RANGE_LOOP_ANALYSIS = YES;
				CLANG_WARN_STRICT_PROTOTYPES = YES;
				CLANG_WARN_SUSPICIOUS_MOVE = YES;
				CLANG_WARN_UNGUARDED_AVAILABILITY = YES_AGGRESSIVE;
				CLANG_WARN_UNREACHABLE_CODE = YES;
				CLANG_WARN__DUPLICATE_METHOD_MATCH = YES;
				CODE_SIGN_IDENTITY = "iPhone Developer";
				COPY_PHASE_STRIP = NO;
				DEBUG_INFORMATION_FORMAT = dwarf;
				ENABLE_STRICT_OBJC_MSGSEND = YES;
				ENABLE_TESTABILITY = YES;
				GCC_C_LANGUAGE_STANDARD = gnu11;
				GCC_DYNAMIC_NO_PIC = NO;
				GCC_NO_COMMON_BLOCKS = YES;
				GCC_OPTIMIZATION_LEVEL = 0;
				GCC_PREPROCESSOR_DEFINITIONS = (
					"DEBUG=1",
					"$(inherited)",
				);
				GCC_WARN_64_TO_32_BIT_CONVERSION = YES;
				GCC_WARN_ABOUT_RETURN_TYPE = YES_ERROR;
				GCC_WARN_UNDECLARED_SELECTOR = YES;
				GCC_WARN_UNINITIALIZED_AUTOS = YES_AGGRESSIVE;
				GCC_WARN_UNUSED_FUNCTION = YES;
				GCC_WARN_UNUSED_VARIABLE = YES;
				IPHONEOS_DEPLOYMENT_TARGET = 11.2;
				MTL_ENABLE_DEBUG_INFO = YES;
				ONLY_ACTIVE_ARCH = YES;
				SDKROOT = iphoneos;
				SWIFT_ACTIVE_COMPILATION_CONDITIONS = DEBUG;
				SWIFT_OPTIMIZATION_LEVEL = "-Onone";
			};
			name = Debug;
		};
		33A09A96202CEA3100BD6575 /* Release */ = {
			isa = XCBuildConfiguration;
			buildSettings = {
				ALWAYS_SEARCH_USER_PATHS = NO;
				CLANG_ANALYZER_NONNULL = YES;
				CLANG_ANALYZER_NUMBER_OBJECT_CONVERSION = YES_AGGRESSIVE;
				CLANG_CXX_LANGUAGE_STANDARD = "gnu++14";
				CLANG_CXX_LIBRARY = "libc++";
				CLANG_ENABLE_MODULES = YES;
				CLANG_ENABLE_OBJC_ARC = YES;
				CLANG_WARN_BLOCK_CAPTURE_AUTORELEASING = YES;
				CLANG_WARN_BOOL_CONVERSION = YES;
				CLANG_WARN_COMMA = YES;
				CLANG_WARN_CONSTANT_CONVERSION = YES;
				CLANG_WARN_DIRECT_OBJC_ISA_USAGE = YES_ERROR;
				CLANG_WARN_DOCUMENTATION_COMMENTS = YES;
				CLANG_WARN_EMPTY_BODY = YES;
				CLANG_WARN_ENUM_CONVERSION = YES;
				CLANG_WARN_INFINITE_RECURSION = YES;
				CLANG_WARN_INT_CONVERSION = YES;
				CLANG_WARN_NON_LITERAL_NULL_CONVERSION = YES;
				CLANG_WARN_OBJC_LITERAL_CONVERSION = YES;
				CLANG_WARN_OBJC_ROOT_CLASS = YES_ERROR;
				CLANG_WARN_RANGE_LOOP_ANALYSIS = YES;
				CLANG_WARN_STRICT_PROTOTYPES = YES;
				CLANG_WARN_SUSPICIOUS_MOVE = YES;
				CLANG_WARN_UNGUARDED_AVAILABILITY = YES_AGGRESSIVE;
				CLANG_WARN_UNREACHABLE_CODE = YES;
				CLANG_WARN__DUPLICATE_METHOD_MATCH = YES;
				CODE_SIGN_IDENTITY = "iPhone Developer";
				COPY_PHASE_STRIP = NO;
				DEBUG_INFORMATION_FORMAT = "dwarf-with-dsym";
				ENABLE_NS_ASSERTIONS = NO;
				ENABLE_STRICT_OBJC_MSGSEND = YES;
				GCC_C_LANGUAGE_STANDARD = gnu11;
				GCC_NO_COMMON_BLOCKS = YES;
				GCC_WARN_64_TO_32_BIT_CONVERSION = YES;
				GCC_WARN_ABOUT_RETURN_TYPE = YES_ERROR;
				GCC_WARN_UNDECLARED_SELECTOR = YES;
				GCC_WARN_UNINITIALIZED_AUTOS = YES_AGGRESSIVE;
				GCC_WARN_UNUSED_FUNCTION = YES;
				GCC_WARN_UNUSED_VARIABLE = YES;
				IPHONEOS_DEPLOYMENT_TARGET = 11.2;
				MTL_ENABLE_DEBUG_INFO = NO;
				SDKROOT = iphoneos;
				SWIFT_OPTIMIZATION_LEVEL = "-Owholemodule";
				VALIDATE_PRODUCT = YES;
			};
			name = Release;
		};
		33A09A98202CEA3100BD6575 /* Debug */ = {
			isa = XCBuildConfiguration;
			buildSettings = {
				ASSETCATALOG_COMPILER_APPICON_NAME = AppIcon;
				CODE_SIGN_STYLE = Automatic;
				DEVELOPMENT_TEAM = 3SWJ29273B;
				INFOPLIST_FILE = Chat/Info.plist;
				LD_RUNPATH_SEARCH_PATHS = "$(inherited) @executable_path/Frameworks";
				PRODUCT_BUNDLE_IDENTIFIER = c.Chat;
				PRODUCT_NAME = "$(TARGET_NAME)";
				SWIFT_VERSION = 4.0;
				TARGETED_DEVICE_FAMILY = "1,2";
			};
			name = Debug;
		};
		33A09A99202CEA3100BD6575 /* Release */ = {
			isa = XCBuildConfiguration;
			buildSettings = {
				ASSETCATALOG_COMPILER_APPICON_NAME = AppIcon;
				CODE_SIGN_STYLE = Automatic;
				DEVELOPMENT_TEAM = 3SWJ29273B;
				INFOPLIST_FILE = Chat/Info.plist;
				LD_RUNPATH_SEARCH_PATHS = "$(inherited) @executable_path/Frameworks";
				PRODUCT_BUNDLE_IDENTIFIER = c.Chat;
				PRODUCT_NAME = "$(TARGET_NAME)";
				SWIFT_VERSION = 4.0;
				TARGETED_DEVICE_FAMILY = "1,2";
			};
			name = Release;
		};
		33A09A9B202CEA3100BD6575 /* Debug */ = {
			isa = XCBuildConfiguration;
			buildSettings = {
				ALWAYS_EMBED_SWIFT_STANDARD_LIBRARIES = YES;
				BUNDLE_LOADER = "$(TEST_HOST)";
				CODE_SIGN_STYLE = Automatic;
				DEVELOPMENT_TEAM = 3SWJ29273B;
				INFOPLIST_FILE = ChatTests/Info.plist;
				LD_RUNPATH_SEARCH_PATHS = "$(inherited) @executable_path/Frameworks @loader_path/Frameworks";
				PRODUCT_BUNDLE_IDENTIFIER = c.ChatTests;
				PRODUCT_NAME = "$(TARGET_NAME)";
				SWIFT_VERSION = 4.0;
				TARGETED_DEVICE_FAMILY = "1,2";
				TEST_HOST = "$(BUILT_PRODUCTS_DIR)/Chat.app/Chat";
			};
			name = Debug;
		};
		33A09A9C202CEA3100BD6575 /* Release */ = {
			isa = XCBuildConfiguration;
			buildSettings = {
				ALWAYS_EMBED_SWIFT_STANDARD_LIBRARIES = YES;
				BUNDLE_LOADER = "$(TEST_HOST)";
				CODE_SIGN_STYLE = Automatic;
				DEVELOPMENT_TEAM = 3SWJ29273B;
				INFOPLIST_FILE = ChatTests/Info.plist;
				LD_RUNPATH_SEARCH_PATHS = "$(inherited) @executable_path/Frameworks @loader_path/Frameworks";
				PRODUCT_BUNDLE_IDENTIFIER = c.ChatTests;
				PRODUCT_NAME = "$(TARGET_NAME)";
				SWIFT_VERSION = 4.0;
				TARGETED_DEVICE_FAMILY = "1,2";
				TEST_HOST = "$(BUILT_PRODUCTS_DIR)/Chat.app/Chat";
			};
			name = Release;
		};
		33A09A9E202CEA3100BD6575 /* Debug */ = {
			isa = XCBuildConfiguration;
			buildSettings = {
				ALWAYS_EMBED_SWIFT_STANDARD_LIBRARIES = YES;
				CODE_SIGN_STYLE = Automatic;
				DEVELOPMENT_TEAM = 3SWJ29273B;
				INFOPLIST_FILE = ChatUITests/Info.plist;
				LD_RUNPATH_SEARCH_PATHS = "$(inherited) @executable_path/Frameworks @loader_path/Frameworks";
				PRODUCT_BUNDLE_IDENTIFIER = c.ChatUITests;
				PRODUCT_NAME = "$(TARGET_NAME)";
				SWIFT_VERSION = 4.0;
				TARGETED_DEVICE_FAMILY = "1,2";
				TEST_TARGET_NAME = Chat;
			};
			name = Debug;
		};
		33A09A9F202CEA3100BD6575 /* Release */ = {
			isa = XCBuildConfiguration;
			buildSettings = {
				ALWAYS_EMBED_SWIFT_STANDARD_LIBRARIES = YES;
				CODE_SIGN_STYLE = Automatic;
				DEVELOPMENT_TEAM = 3SWJ29273B;
				INFOPLIST_FILE = ChatUITests/Info.plist;
				LD_RUNPATH_SEARCH_PATHS = "$(inherited) @executable_path/Frameworks @loader_path/Frameworks";
				PRODUCT_BUNDLE_IDENTIFIER = c.ChatUITests;
				PRODUCT_NAME = "$(TARGET_NAME)";
				SWIFT_VERSION = 4.0;
				TARGETED_DEVICE_FAMILY = "1,2";
				TEST_TARGET_NAME = Chat;
			};
			name = Release;
		};
/* End XCBuildConfiguration section */

/* Begin XCConfigurationList section */
		33A09A6A202CEA3100BD6575 /* Build configuration list for PBXProject "Chat" */ = {
			isa = XCConfigurationList;
			buildConfigurations = (
				33A09A95202CEA3100BD6575 /* Debug */,
				33A09A96202CEA3100BD6575 /* Release */,
			);
			defaultConfigurationIsVisible = 0;
			defaultConfigurationName = Release;
		};
		33A09A97202CEA3100BD6575 /* Build configuration list for PBXNativeTarget "Chat" */ = {
			isa = XCConfigurationList;
			buildConfigurations = (
				33A09A98202CEA3100BD6575 /* Debug */,
				33A09A99202CEA3100BD6575 /* Release */,
			);
			defaultConfigurationIsVisible = 0;
			defaultConfigurationName = Release;
		};
		33A09A9A202CEA3100BD6575 /* Build configuration list for PBXNativeTarget "ChatTests" */ = {
			isa = XCConfigurationList;
			buildConfigurations = (
				33A09A9B202CEA3100BD6575 /* Debug */,
				33A09A9C202CEA3100BD6575 /* Release */,
			);
			defaultConfigurationIsVisible = 0;
			defaultConfigurationName = Release;
		};
		33A09A9D202CEA3100BD6575 /* Build configuration list for PBXNativeTarget "ChatUITests" */ = {
			isa = XCConfigurationList;
			buildConfigurations = (
				33A09A9E202CEA3100BD6575 /* Debug */,
				33A09A9F202CEA3100BD6575 /* Release */,
			);
			defaultConfigurationIsVisible = 0;
			defaultConfigurationName = Release;
		};
/* End XCConfigurationList section */
	};
	rootObject = 33A09A67202CEA3100BD6575 /* Project object */;
}
